
Microsoft Visual Studio Solution File, Format Version 12.00
# Visual Studio Version 16
VisualStudioVersion = 16.0.30717.126
MinimumVisualStudioVersion = 10.0.40219.1
Project("{FAE04EC0-301F-11D3-BF4B-00C04F79EFBC}") = "WebApplication1", "WebApplication1\WebApplication1.csproj", "{B42AD202-4E46-42B0-8B86-B6D567D90B11}"
EndProject
Project("{FAE04EC0-301F-11D3-BF4B-00C04F79EFBC}") = "ClassLibrary1", "ClassLibrary1\ClassLibrary1.csproj", "{64B9DA28-C71B-40E7-BC33-99841ED557E9}"
EndProject
Global
	GlobalSection(SolutionConfigurationPlatforms) = preSolution
		Debug|Any CPU = Debug|Any CPU
		Release|Any CPU = Release|Any CPU
	EndGlobalSection
	GlobalSection(ProjectConfigurationPlatforms) = postSolution
		{B42AD202-4E46-42B0-8B86-B6D567D90B11}.Debug|Any CPU.ActiveCfg = Debug|Any CPU
		{B42AD202-4E46-42B0-8B86-B6D567D90B11}.Debug|Any CPU.Build.0 = Debug|Any CPU
		{B42AD202-4E46-42B0-8B86-B6D567D90B11}.Release|Any CPU.ActiveCfg = Release|Any CPU
		{B42AD202-4E46-42B0-8B86-B6D567D90B11}.Release|Any CPU.Build.0 = Release|Any CPU
		{64B9DA28-C71B-40E7-BC33-99841ED557E9}.Debug|Any CPU.ActiveCfg = Debug|Any CPU
		{64B9DA28-C71B-40E7-BC33-99841ED557E9}.Debug|Any CPU.Build.0 = Debug|Any CPU
		{64B9DA28-C71B-40E7-BC33-99841ED557E9}.Release|Any CPU.ActiveCfg = Release|Any CPU
		{64B9DA28-C71B-40E7-BC33-99841ED557E9}.Release|Any CPU.Build.0 = Release|Any CPU
	EndGlobalSection
	GlobalSection(SolutionProperties) = preSolution
		HideSolutionNode = FALSE
	EndGlobalSection
	GlobalSection(ExtensibilityGlobals) = postSolution
		SolutionGuid = {97378A34-CE0A-4C16-AD46-AE6FAFA41071}
	EndGlobalSection
EndGlobal
